
Microsoft Visual Studio Solution File, Format Version 12.00
Project("{FAE04EC0-301F-11D3-BF4B-00C04F79EFBC}") = "Real-time events", "Real-time events\Real-time events.csproj", "{B9A626DA-336A-40FE-81C6-C8F3F57E3517}"
EndProject
Project("{FAE04EC0-301F-11D3-BF4B-00C04F79EFBC}") = "Authorization", "..\Authorization\Authorization\Authorization.csproj", "{7C86104A-54D9-4E3A-8521-BDFCD9BB9D0A}"
EndProject
Global
	GlobalSection(SolutionConfigurationPlatforms) = preSolution
		Debug|Any CPU = Debug|Any CPU
		Release|Any CPU = Release|Any CPU
	EndGlobalSection
	GlobalSection(ProjectConfigurationPlatforms) = postSolution
		{B9A626DA-336A-40FE-81C6-C8F3F57E3517}.Debug|Any CPU.ActiveCfg = Debug|Any CPU
		{B9A626DA-336A-40FE-81C6-C8F3F57E3517}.Debug|Any CPU.Build.0 = Debug|Any CPU
		{B9A626DA-336A-40FE-81C6-C8F3F57E3517}.Release|Any CPU.ActiveCfg = Release|Any CPU
		{B9A626DA-336A-40FE-81C6-C8F3F57E3517}.Release|Any CPU.Build.0 = Release|Any CPU
		{7C86104A-54D9-4E3A-8521-BDFCD9BB9D0A}.Debug|Any CPU.ActiveCfg = Debug|Any CPU
		{7C86104A-54D9-4E3A-8521-BDFCD9BB9D0A}.Debug|Any CPU.Build.0 = Debug|Any CPU
		{7C86104A-54D9-4E3A-8521-BDFCD9BB9D0A}.Release|Any CPU.ActiveCfg = Release|Any CPU
		{7C86104A-54D9-4E3A-8521-BDFCD9BB9D0A}.Release|Any CPU.Build.0 = Release|Any CPU
	EndGlobalSection
EndGlobal
